// !$*UTF8*$!
{
	archiveVersion = 1;
	classes = {
	};
	objectVersion = 77;
	objects = {

/* Begin PBXBuildFile section */
		7BAAFE5B2DD0AAC100C49FC0 /* ComposableArchitecture in Frameworks */ = {isa = PBXBuildFile; productRef = 7BAAFE5A2DD0AAC100C49FC0 /* ComposableArchitecture */; };
		7BAAFEB02DD0ACE000C49FC0 /* NetworkKit in Frameworks */ = {isa = PBXBuildFile; productRef = 7BAAFEAF2DD0ACE000C49FC0 /* NetworkKit */; };
/* End PBXBuildFile section */

/* Begin PBXContainerItemProxy section */
		7BAAFE3D2DD0AA5800C49FC0 /* PBXContainerItemProxy */ = {
			isa = PBXContainerItemProxy;
			containerPortal = 7BAAFE272DD0AA5400C49FC0 /* Project object */;
			proxyType = 1;
			remoteGlobalIDString = 7BAAFE2E2DD0AA5500C49FC0;
			remoteInfo = "TCA Networking";
		};
		7BAAFE472DD0AA5800C49FC0 /* PBXContainerItemProxy */ = {
			isa = PBXContainerItemProxy;
			containerPortal = 7BAAFE272DD0AA5400C49FC0 /* Project object */;
			proxyType = 1;
			remoteGlobalIDString = 7BAAFE2E2DD0AA5500C49FC0;
			remoteInfo = "TCA Networking";
		};
/* End PBXContainerItemProxy section */

/* Begin PBXFileReference section */
		7BAAFE2F2DD0AA5500C49FC0 /* TCA Networking.app */ = {isa = PBXFileReference; explicitFileType = wrapper.application; includeInIndex = 0; path = "TCA Networking.app"; sourceTree = BUILT_PRODUCTS_DIR; };
		7BAAFE3C2DD0AA5800C49FC0 /* TCA NetworkingTests.xctest */ = {isa = PBXFileReference; explicitFileType = wrapper.cfbundle; includeInIndex = 0; path = "TCA NetworkingTests.xctest"; sourceTree = BUILT_PRODUCTS_DIR; };
		7BAAFE462DD0AA5800C49FC0 /* TCA NetworkingUITests.xctest */ = {isa = PBXFileReference; explicitFileType = wrapper.cfbundle; includeInIndex = 0; path = "TCA NetworkingUITests.xctest"; sourceTree = BUILT_PRODUCTS_DIR; };
/* End PBXFileReference section */

/* Begin PBXFileSystemSynchronizedRootGroup section */
		7BAAFE312DD0AA5500C49FC0 /* TCA Networking */ = {
			isa = PBXFileSystemSynchronizedRootGroup;
			path = "TCA Networking";
			sourceTree = "<group>";
		};
		7BAAFE3F2DD0AA5800C49FC0 /* TCA NetworkingTests */ = {
			isa = PBXFileSystemSynchronizedRootGroup;
			path = "TCA NetworkingTests";
			sourceTree = "<group>";
		};
		7BAAFE492DD0AA5800C49FC0 /* TCA NetworkingUITests */ = {
			isa = PBXFileSystemSynchronizedRootGroup;
			path = "TCA NetworkingUITests";
			sourceTree = "<group>";
		};
/* End PBXFileSystemSynchronizedRootGroup section */

/* Begin PBXFrameworksBuildPhase section */
		7BAAFE2C2DD0AA5500C49FC0 /* Frameworks */ = {
			isa = PBXFrameworksBuildPhase;
			buildActionMask = 2147483647;
			files = (
				7BAAFEB02DD0ACE000C49FC0 /* NetworkKit in Frameworks */,
				7BAAFE5B2DD0AAC100C49FC0 /* ComposableArchitecture in Frameworks */,
			);
			runOnlyForDeploymentPostprocessing = 0;
		};
		7BAAFE392DD0AA5800C49FC0 /* Frameworks */ = {
			isa = PBXFrameworksBuildPhase;
			buildActionMask = 2147483647;
			files = (
			);
			runOnlyForDeploymentPostprocessing = 0;
		};
		7BAAFE432DD0AA5800C49FC0 /* Frameworks */ = {
			isa = PBXFrameworksBuildPhase;
			buildActionMask = 2147483647;
			files = (
			);
			runOnlyForDeploymentPostprocessing = 0;
		};
/* End PBXFrameworksBuildPhase section */

/* Begin PBXGroup section */
		7BAAFE262DD0AA5400C49FC0 = {
			isa = PBXGroup;
			children = (
				7BAAFE312DD0AA5500C49FC0 /* TCA Networking */,
				7BAAFE3F2DD0AA5800C49FC0 /* TCA NetworkingTests */,
				7BAAFE492DD0AA5800C49FC0 /* TCA NetworkingUITests */,
				7BAAFE302DD0AA5500C49FC0 /* Products */,
			);
			sourceTree = "<group>";
		};
		7BAAFE302DD0AA5500C49FC0 /* Products */ = {
			isa = PBXGroup;
			children = (
				7BAAFE2F2DD0AA5500C49FC0 /* TCA Networking.app */,
				7BAAFE3C2DD0AA5800C49FC0 /* TCA NetworkingTests.xctest */,
				7BAAFE462DD0AA5800C49FC0 /* TCA NetworkingUITests.xctest */,
			);
			name = Products;
			sourceTree = "<group>";
		};
/* End PBXGroup section */

/* Begin PBXNativeTarget section */
		7BAAFE2E2DD0AA5500C49FC0 /* TCA Networking */ = {
			isa = PBXNativeTarget;
			buildConfigurationList = 7BAAFE502DD0AA5800C49FC0 /* Build configuration list for PBXNativeTarget "TCA Networking" */;
			buildPhases = (
				7BAAFE2B2DD0AA5500C49FC0 /* Sources */,
				7BAAFE2C2DD0AA5500C49FC0 /* Frameworks */,
				7BAAFE2D2DD0AA5500C49FC0 /* Resources */,
			);
			buildRules = (
			);
			dependencies = (
			);
			fileSystemSynchronizedGroups = (
				7BAAFE312DD0AA5500C49FC0 /* TCA Networking */,
			);
			name = "TCA Networking";
			packageProductDependencies = (
				7BAAFE5A2DD0AAC100C49FC0 /* ComposableArchitecture */,
				7BAAFEAF2DD0ACE000C49FC0 /* NetworkKit */,
			);
			productName = "TCA Networking";
			productReference = 7BAAFE2F2DD0AA5500C49FC0 /* TCA Networking.app */;
			productType = "com.apple.product-type.application";
		};
		7BAAFE3B2DD0AA5800C49FC0 /* TCA NetworkingTests */ = {
			isa = PBXNativeTarget;
			buildConfigurationList = 7BAAFE532DD0AA5800C49FC0 /* Build configuration list for PBXNativeTarget "TCA NetworkingTests" */;
			buildPhases = (
				7BAAFE382DD0AA5800C49FC0 /* Sources */,
				7BAAFE392DD0AA5800C49FC0 /* Frameworks */,
				7BAAFE3A2DD0AA5800C49FC0 /* Resources */,
			);
			buildRules = (
			);
			dependencies = (
				7BAAFE3E2DD0AA5800C49FC0 /* PBXTargetDependency */,
			);
			fileSystemSynchronizedGroups = (
				7BAAFE3F2DD0AA5800C49FC0 /* TCA NetworkingTests */,
			);
			name = "TCA NetworkingTests";
			packageProductDependencies = (
			);
			productName = "TCA NetworkingTests";
			productReference = 7BAAFE3C2DD0AA5800C49FC0 /* TCA NetworkingTests.xctest */;
			productType = "com.apple.product-type.bundle.unit-test";
		};
		7BAAFE452DD0AA5800C49FC0 /* TCA NetworkingUITests */ = {
			isa = PBXNativeTarget;
			buildConfigurationList = 7BAAFE562DD0AA5800C49FC0 /* Build configuration list for PBXNativeTarget "TCA NetworkingUITests" */;
			buildPhases = (
				7BAAFE422DD0AA5800C49FC0 /* Sources */,
				7BAAFE432DD0AA5800C49FC0 /* Frameworks */,
				7BAAFE442DD0AA5800C49FC0 /* Resources */,
			);
			buildRules = (
			);
			dependencies = (
				7BAAFE482DD0AA5800C49FC0 /* PBXTargetDependency */,
			);
			fileSystemSynchronizedGroups = (
				7BAAFE492DD0AA5800C49FC0 /* TCA NetworkingUITests */,
			);
			name = "TCA NetworkingUITests";
			packageProductDependencies = (
			);
			productName = "TCA NetworkingUITests";
			productReference = 7BAAFE462DD0AA5800C49FC0 /* TCA NetworkingUITests.xctest */;
			productType = "com.apple.product-type.bundle.ui-testing";
		};
/* End PBXNativeTarget section */

/* Begin PBXProject section */
		7BAAFE272DD0AA5400C49FC0 /* Project object */ = {
			isa = PBXProject;
			attributes = {
				BuildIndependentTargetsInParallel = 1;
				LastSwiftUpdateCheck = 1630;
				LastUpgradeCheck = 1630;
				TargetAttributes = {
					7BAAFE2E2DD0AA5500C49FC0 = {
						CreatedOnToolsVersion = 16.3;
					};
					7BAAFE3B2DD0AA5800C49FC0 = {
						CreatedOnToolsVersion = 16.3;
						LastSwiftMigration = 1630;
						TestTargetID = 7BAAFE2E2DD0AA5500C49FC0;
					};
					7BAAFE452DD0AA5800C49FC0 = {
						CreatedOnToolsVersion = 16.3;
						TestTargetID = 7BAAFE2E2DD0AA5500C49FC0;
					};
				};
			};
			buildConfigurationList = 7BAAFE2A2DD0AA5400C49FC0 /* Build configuration list for PBXProject "TCA Networking" */;
			developmentRegion = en;
			hasScannedForEncodings = 0;
			knownRegions = (
				en,
				Base,
			);
			mainGroup = 7BAAFE262DD0AA5400C49FC0;
			minimizedProjectReferenceProxies = 1;
			packageReferences = (
				7BAAFE592DD0AAC100C49FC0 /* XCRemoteSwiftPackageReference "swift-composable-architecture" */,
				7BAAFEAE2DD0ACE000C49FC0 /* XCRemoteSwiftPackageReference "NetworkKit" */,
			);
			preferredProjectObjectVersion = 77;
			productRefGroup = 7BAAFE302DD0AA5500C49FC0 /* Products */;
			projectDirPath = "";
			projectRoot = "";
			targets = (
				7BAAFE2E2DD0AA5500C49FC0 /* TCA Networking */,
				7BAAFE3B2DD0AA5800C49FC0 /* TCA NetworkingTests */,
				7BAAFE452DD0AA5800C49FC0 /* TCA NetworkingUITests */,
			);
		};
/* End PBXProject section */

/* Begin PBXResourcesBuildPhase section */
		7BAAFE2D2DD0AA5500C49FC0 /* Resources */ = {
			isa = PBXResourcesBuildPhase;
			buildActionMask = 2147483647;
			files = (
			);
			runOnlyForDeploymentPostprocessing = 0;
		};
		7BAAFE3A2DD0AA5800C49FC0 /* Resources */ = {
			isa = PBXResourcesBuildPhase;
			buildActionMask = 2147483647;
			files = (
			);
			runOnlyForDeploymentPostprocessing = 0;
		};
		7BAAFE442DD0AA5800C49FC0 /* Resources */ = {
			isa = PBXResourcesBuildPhase;
			buildActionMask = 2147483647;
			files = (
			);
			runOnlyForDeploymentPostprocessing = 0;
		};
/* End PBXResourcesBuildPhase section */

/* Begin PBXSourcesBuildPhase section */
		7BAAFE2B2DD0AA5500C49FC0 /* Sources */ = {
			isa = PBXSourcesBuildPhase;
			buildActionMask = 2147483647;
			files = (
			);
			runOnlyForDeploymentPostprocessing = 0;
		};
		7BAAFE382DD0AA5800C49FC0 /* Sources */ = {
			isa = PBXSourcesBuildPhase;
			buildActionMask = 2147483647;
			files = (
			);
			runOnlyForDeploymentPostprocessing = 0;
		};
		7BAAFE422DD0AA5800C49FC0 /* Sources */ = {
			isa = PBXSourcesBuildPhase;
			buildActionMask = 2147483647;
			files = (
			);
			runOnlyForDeploymentPostprocessing = 0;
		};
/* End PBXSourcesBuildPhase section */

/* Begin PBXTargetDependency section */
		7BAAFE3E2DD0AA5800C49FC0 /* PBXTargetDependency */ = {
			isa = PBXTargetDependency;
			target = 7BAAFE2E2DD0AA5500C49FC0 /* TCA Networking */;
			targetProxy = 7BAAFE3D2DD0AA5800C49FC0 /* PBXContainerItemProxy */;
		};
		7BAAFE482DD0AA5800C49FC0 /* PBXTargetDependency */ = {
			isa = PBXTargetDependency;
			target = 7BAAFE2E2DD0AA5500C49FC0 /* TCA Networking */;
			targetProxy = 7BAAFE472DD0AA5800C49FC0 /* PBXContainerItemProxy */;
		};
/* End PBXTargetDependency section */

/* Begin XCBuildConfiguration section */
		7BAAFE4E2DD0AA5800C49FC0 /* Debug */ = {
			isa = XCBuildConfiguration;
			buildSettings = {
				ALWAYS_SEARCH_USER_PATHS = NO;
				ASSETCATALOG_COMPILER_GENERATE_SWIFT_ASSET_SYMBOL_EXTENSIONS = YES;
				CLANG_ANALYZER_NONNULL = YES;
				CLANG_ANALYZER_NUMBER_OBJECT_CONVERSION = YES_AGGRESSIVE;
				CLANG_CXX_LANGUAGE_STANDARD = "gnu++20";
				CLANG_ENABLE_MODULES = YES;
				CLANG_ENABLE_OBJC_ARC = YES;
				CLANG_ENABLE_OBJC_WEAK = YES;
				CLANG_WARN_BLOCK_CAPTURE_AUTORELEASING = YES;
				CLANG_WARN_BOOL_CONVERSION = YES;
				CLANG_WARN_COMMA = YES;
				CLANG_WARN_CONSTANT_CONVERSION = YES;
				CLANG_WARN_DEPRECATED_OBJC_IMPLEMENTATIONS = YES;
				CLANG_WARN_DIRECT_OBJC_ISA_USAGE = YES_ERROR;
				CLANG_WARN_DOCUMENTATION_COMMENTS = YES;
				CLANG_WARN_EMPTY_BODY = YES;
				CLANG_WARN_ENUM_CONVERSION = YES;
				CLANG_WARN_INFINITE_RECURSION = YES;
				CLANG_WARN_INT_CONVERSION = YES;
				CLANG_WARN_NON_LITERAL_NULL_CONVERSION = YES;
				CLANG_WARN_OBJC_IMPLICIT_RETAIN_SELF = YES;
				CLANG_WARN_OBJC_LITERAL_CONVERSION = YES;
				CLANG_WARN_OBJC_ROOT_CLASS = YES_ERROR;
				CLANG_WARN_QUOTED_INCLUDE_IN_FRAMEWORK_HEADER = YES;
				CLANG_WARN_RANGE_LOOP_ANALYSIS = YES;
				CLANG_WARN_STRICT_PROTOTYPES = YES;
				CLANG_WARN_SUSPICIOUS_MOVE = YES;
				CLANG_WARN_UNGUARDED_AVAILABILITY = YES_AGGRESSIVE;
				CLANG_WARN_UNREACHABLE_CODE = YES;
				CLANG_WARN__DUPLICATE_METHOD_MATCH = YES;
				COPY_PHASE_STRIP = NO;
				DEBUG_INFORMATION_FORMAT = dwarf;
				DEVELOPMENT_TEAM = X6MFW8URZ6;
				ENABLE_STRICT_OBJC_MSGSEND = YES;
				ENABLE_TESTABILITY = YES;
				ENABLE_USER_SCRIPT_SANDBOXING = YES;
				GCC_C_LANGUAGE_STANDARD = gnu17;
				GCC_DYNAMIC_NO_PIC = NO;
				GCC_NO_COMMON_BLOCKS = YES;
				GCC_OPTIMIZATION_LEVEL = 0;
				GCC_PREPROCESSOR_DEFINITIONS = (
					"DEBUG=1",
					"$(inherited)",
				);
				GCC_WARN_64_TO_32_BIT_CONVERSION = YES;
				GCC_WARN_ABOUT_RETURN_TYPE = YES_ERROR;
				GCC_WARN_UNDECLARED_SELECTOR = YES;
				GCC_WARN_UNINITIALIZED_AUTOS = YES_AGGRESSIVE;
				GCC_WARN_UNUSED_FUNCTION = YES;
				GCC_WARN_UNUSED_VARIABLE = YES;
				IPHONEOS_DEPLOYMENT_TARGET = 18.4;
				LOCALIZATION_PREFERS_STRING_CATALOGS = YES;
				MTL_ENABLE_DEBUG_INFO = INCLUDE_SOURCE;
				MTL_FAST_MATH = YES;
				ONLY_ACTIVE_ARCH = YES;
				SDKROOT = iphoneos;
				SWIFT_ACTIVE_COMPILATION_CONDITIONS = "DEBUG $(inherited)";
				SWIFT_OPTIMIZATION_LEVEL = "-Onone";
			};
			name = Debug;
		};
		7BAAFE4F2DD0AA5800C49FC0 /* Release */ = {
			isa = XCBuildConfiguration;
			buildSettings = {
				ALWAYS_SEARCH_USER_PATHS = NO;
				ASSETCATALOG_COMPILER_GENERATE_SWIFT_ASSET_SYMBOL_EXTENSIONS = YES;
				CLANG_ANALYZER_NONNULL = YES;
				CLANG_ANALYZER_NUMBER_OBJECT_CONVERSION = YES_AGGRESSIVE;
				CLANG_CXX_LANGUAGE_STANDARD = "gnu++20";
				CLANG_ENABLE_MODULES = YES;
				CLANG_ENABLE_OBJC_ARC = YES;
				CLANG_ENABLE_OBJC_WEAK = YES;
				CLANG_WARN_BLOCK_CAPTURE_AUTORELEASING = YES;
				CLANG_WARN_BOOL_CONVERSION = YES;
				CLANG_WARN_COMMA = YES;
				CLANG_WARN_CONSTANT_CONVERSION = YES;
				CLANG_WARN_DEPRECATED_OBJC_IMPLEMENTATIONS = YES;
				CLANG_WARN_DIRECT_OBJC_ISA_USAGE = YES_ERROR;
				CLANG_WARN_DOCUMENTATION_COMMENTS = YES;
				CLANG_WARN_EMPTY_BODY = YES;
				CLANG_WARN_ENUM_CONVERSION = YES;
				CLANG_WARN_INFINITE_RECURSION = YES;
				CLANG_WARN_INT_CONVERSION = YES;
				CLANG_WARN_NON_LITERAL_NULL_CONVERSION = YES;
				CLANG_WARN_OBJC_IMPLICIT_RETAIN_SELF = YES;
				CLANG_WARN_OBJC_LITERAL_CONVERSION = YES;
				CLANG_WARN_OBJC_ROOT_CLASS = YES_ERROR;
				CLANG_WARN_QUOTED_INCLUDE_IN_FRAMEWORK_HEADER = YES;
				CLANG_WARN_RANGE_LOOP_ANALYSIS = YES;
				CLANG_WARN_STRICT_PROTOTYPES = YES;
				CLANG_WARN_SUSPICIOUS_MOVE = YES;
				CLANG_WARN_UNGUARDED_AVAILABILITY = YES_AGGRESSIVE;
				CLANG_WARN_UNREACHABLE_CODE = YES;
				CLANG_WARN__DUPLICATE_METHOD_MATCH = YES;
				COPY_PHASE_STRIP = NO;
				DEBUG_INFORMATION_FORMAT = "dwarf-with-dsym";
				DEVELOPMENT_TEAM = X6MFW8URZ6;
				ENABLE_NS_ASSERTIONS = NO;
				ENABLE_STRICT_OBJC_MSGSEND = YES;
				ENABLE_USER_SCRIPT_SANDBOXING = YES;
				GCC_C_LANGUAGE_STANDARD = gnu17;
				GCC_NO_COMMON_BLOCKS = YES;
				GCC_WARN_64_TO_32_BIT_CONVERSION = YES;
				GCC_WARN_ABOUT_RETURN_TYPE = YES_ERROR;
				GCC_WARN_UNDECLARED_SELECTOR = YES;
				GCC_WARN_UNINITIALIZED_AUTOS = YES_AGGRESSIVE;
				GCC_WARN_UNUSED_FUNCTION = YES;
				GCC_WARN_UNUSED_VARIABLE = YES;
				IPHONEOS_DEPLOYMENT_TARGET = 18.4;
				LOCALIZATION_PREFERS_STRING_CATALOGS = YES;
				MTL_ENABLE_DEBUG_INFO = NO;
				MTL_FAST_MATH = YES;
				SDKROOT = iphoneos;
				SWIFT_COMPILATION_MODE = wholemodule;
				VALIDATE_PRODUCT = YES;
			};
			name = Release;
		};
		7BAAFE512DD0AA5800C49FC0 /* Debug */ = {
			isa = XCBuildConfiguration;
			buildSettings = {
				ASSETCATALOG_COMPILER_APPICON_NAME = AppIcon;
				ASSETCATALOG_COMPILER_GLOBAL_ACCENT_COLOR_NAME = AccentColor;
				CODE_SIGN_IDENTITY = "Apple Development";
				CODE_SIGN_STYLE = Automatic;
				CURRENT_PROJECT_VERSION = 1;
				DEVELOPMENT_TEAM = JA88C6ETPT;
				ENABLE_PREVIEWS = YES;
				GENERATE_INFOPLIST_FILE = YES;
				INFOPLIST_KEY_UIApplicationSceneManifest_Generation = YES;
				INFOPLIST_KEY_UIApplicationSupportsIndirectInputEvents = YES;
				INFOPLIST_KEY_UILaunchScreen_Generation = YES;
				INFOPLIST_KEY_UISupportedInterfaceOrientations_iPad = "UIInterfaceOrientationPortrait UIInterfaceOrientationPortraitUpsideDown UIInterfaceOrientationLandscapeLeft UIInterfaceOrientationLandscapeRight";
				INFOPLIST_KEY_UISupportedInterfaceOrientations_iPhone = "UIInterfaceOrientationPortrait UIInterfaceOrientationLandscapeLeft UIInterfaceOrientationLandscapeRight";
				LD_RUNPATH_SEARCH_PATHS = (
					"$(inherited)",
					"@executable_path/Frameworks",
				);
				MARKETING_VERSION = 1.0;
				PRODUCT_BUNDLE_IDENTIFIER = com.momeks.tca;
				PRODUCT_NAME = "$(TARGET_NAME)";
				PROVISIONING_PROFILE_SPECIFIER = "";
				SWIFT_EMIT_LOC_STRINGS = YES;
				SWIFT_VERSION = 5.0;
				TARGETED_DEVICE_FAMILY = "1,2";
			};
			name = Debug;
		};
		7BAAFE522DD0AA5800C49FC0 /* Release */ = {
			isa = XCBuildConfiguration;
			buildSettings = {
				ASSETCATALOG_COMPILER_APPICON_NAME = AppIcon;
				ASSETCATALOG_COMPILER_GLOBAL_ACCENT_COLOR_NAME = AccentColor;
				CODE_SIGN_IDENTITY = "Apple Development";
				CODE_SIGN_STYLE = Automatic;
				CURRENT_PROJECT_VERSION = 1;
				DEVELOPMENT_TEAM = JA88C6ETPT;
				ENABLE_PREVIEWS = YES;
				GENERATE_INFOPLIST_FILE = YES;
				INFOPLIST_KEY_UIApplicationSceneManifest_Generation = YES;
				INFOPLIST_KEY_UIApplicationSupportsIndirectInputEvents = YES;
				INFOPLIST_KEY_UILaunchScreen_Generation = YES;
				INFOPLIST_KEY_UISupportedInterfaceOrientations_iPad = "UIInterfaceOrientationPortrait UIInterfaceOrientationPortraitUpsideDown UIInterfaceOrientationLandscapeLeft UIInterfaceOrientationLandscapeRight";
				INFOPLIST_KEY_UISupportedInterfaceOrientations_iPhone = "UIInterfaceOrientationPortrait UIInterfaceOrientationLandscapeLeft UIInterfaceOrientationLandscapeRight";
				LD_RUNPATH_SEARCH_PATHS = (
					"$(inherited)",
					"@executable_path/Frameworks",
				);
				MARKETING_VERSION = 1.0;
				PRODUCT_BUNDLE_IDENTIFIER = com.momeks.tca;
				PRODUCT_NAME = "$(TARGET_NAME)";
				PROVISIONING_PROFILE_SPECIFIER = "";
				SWIFT_EMIT_LOC_STRINGS = YES;
				SWIFT_VERSION = 5.0;
				TARGETED_DEVICE_FAMILY = "1,2";
			};
			name = Release;
		};
		7BAAFE542DD0AA5800C49FC0 /* Debug */ = {
			isa = XCBuildConfiguration;
			buildSettings = {
				BUNDLE_LOADER = "$(TEST_HOST)";
				CLANG_ENABLE_MODULES = YES;
				CODE_SIGN_STYLE = Automatic;
				CURRENT_PROJECT_VERSION = 1;
				DEVELOPMENT_TEAM = X6MFW8URZ6;
				GENERATE_INFOPLIST_FILE = YES;
				IPHONEOS_DEPLOYMENT_TARGET = 18.4;
				MARKETING_VERSION = 1.0;
				PRODUCT_BUNDLE_IDENTIFIER = "tca-networking.TCA-NetworkingTests";
				PRODUCT_NAME = "$(TARGET_NAME)";
				SWIFT_EMIT_LOC_STRINGS = NO;
				SWIFT_OBJC_BRIDGING_HEADER = "TCA NetworkingTests/TCA NetworkingTests-Bridging-Header.h";
				SWIFT_OPTIMIZATION_LEVEL = "-Onone";
				SWIFT_VERSION = 5.0;
				TARGETED_DEVICE_FAMILY = "1,2";
				TEST_HOST = "$(BUILT_PRODUCTS_DIR)/TCA Networking.app/$(BUNDLE_EXECUTABLE_FOLDER_PATH)/TCA Networking";
			};
			name = Debug;
		};
		7BAAFE552DD0AA5800C49FC0 /* Release */ = {
			isa = XCBuildConfiguration;
			buildSettings = {
				BUNDLE_LOADER = "$(TEST_HOST)";
				CLANG_ENABLE_MODULES = YES;
				CODE_SIGN_STYLE = Automatic;
				CURRENT_PROJECT_VERSION = 1;
				DEVELOPMENT_TEAM = X6MFW8URZ6;
				GENERATE_INFOPLIST_FILE = YES;
				IPHONEOS_DEPLOYMENT_TARGET = 18.4;
				MARKETING_VERSION = 1.0;
				PRODUCT_BUNDLE_IDENTIFIER = "tca-networking.TCA-NetworkingTests";
				PRODUCT_NAME = "$(TARGET_NAME)";
				SWIFT_EMIT_LOC_STRINGS = NO;
				SWIFT_OBJC_BRIDGING_HEADER = "TCA NetworkingTests/TCA NetworkingTests-Bridging-Header.h";
				SWIFT_VERSION = 5.0;
				TARGETED_DEVICE_FAMILY = "1,2";
				TEST_HOST = "$(BUILT_PRODUCTS_DIR)/TCA Networking.app/$(BUNDLE_EXECUTABLE_FOLDER_PATH)/TCA Networking";
			};
			name = Release;
		};
		7BAAFE572DD0AA5800C49FC0 /* Debug */ = {
			isa = XCBuildConfiguration;
			buildSettings = {
				CODE_SIGN_STYLE = Automatic;
				CURRENT_PROJECT_VERSION = 1;
				DEVELOPMENT_TEAM = X6MFW8URZ6;
				GENERATE_INFOPLIST_FILE = YES;
				MARKETING_VERSION = 1.0;
				PRODUCT_BUNDLE_IDENTIFIER = "tca-networking.TCA-NetworkingUITests";
				PRODUCT_NAME = "$(TARGET_NAME)";
				SWIFT_EMIT_LOC_STRINGS = NO;
				SWIFT_VERSION = 5.0;
				TARGETED_DEVICE_FAMILY = "1,2";
				TEST_TARGET_NAME = "TCA Networking";
			};
			name = Debug;
		};
		7BAAFE582DD0AA5800C49FC0 /* Release */ = {
			isa = XCBuildConfiguration;
			buildSettings = {
				CODE_SIGN_STYLE = Automatic;
				CURRENT_PROJECT_VERSION = 1;
				DEVELOPMENT_TEAM = X6MFW8URZ6;
				GENERATE_INFOPLIST_FILE = YES;
				MARKETING_VERSION = 1.0;
				PRODUCT_BUNDLE_IDENTIFIER = "tca-networking.TCA-NetworkingUITests";
				PRODUCT_NAME = "$(TARGET_NAME)";
				SWIFT_EMIT_LOC_STRINGS = NO;
				SWIFT_VERSION = 5.0;
				TARGETED_DEVICE_FAMILY = "1,2";
				TEST_TARGET_NAME = "TCA Networking";
			};
			name = Release;
		};
/* End XCBuildConfiguration section */

/* Begin XCConfigurationList section */
		7BAAFE2A2DD0AA5400C49FC0 /* Build configuration list for PBXProject "TCA Networking" */ = {
			isa = XCConfigurationList;
			buildConfigurations = (
				7BAAFE4E2DD0AA5800C49FC0 /* Debug */,
				7BAAFE4F2DD0AA5800C49FC0 /* Release */,
			);
			defaultConfigurationIsVisible = 0;
			defaultConfigurationName = Release;
		};
		7BAAFE502DD0AA5800C49FC0 /* Build configuration list for PBXNativeTarget "TCA Networking" */ = {
			isa = XCConfigurationList;
			buildConfigurations = (
				7BAAFE512DD0AA5800C49FC0 /* Debug */,
				7BAAFE522DD0AA5800C49FC0 /* Release */,
			);
			defaultConfigurationIsVisible = 0;
			defaultConfigurationName = Release;
		};
		7BAAFE532DD0AA5800C49FC0 /* Build configuration list for PBXNativeTarget "TCA NetworkingTests" */ = {
			isa = XCConfigurationList;
			buildConfigurations = (
				7BAAFE542DD0AA5800C49FC0 /* Debug */,
				7BAAFE552DD0AA5800C49FC0 /* Release */,
			);
			defaultConfigurationIsVisible = 0;
			defaultConfigurationName = Release;
		};
		7BAAFE562DD0AA5800C49FC0 /* Build configuration list for PBXNativeTarget "TCA NetworkingUITests" */ = {
			isa = XCConfigurationList;
			buildConfigurations = (
				7BAAFE572DD0AA5800C49FC0 /* Debug */,
				7BAAFE582DD0AA5800C49FC0 /* Release */,
			);
			defaultConfigurationIsVisible = 0;
			defaultConfigurationName = Release;
		};
/* End XCConfigurationList section */

/* Begin XCRemoteSwiftPackageReference section */
		7BAAFE592DD0AAC100C49FC0 /* XCRemoteSwiftPackageReference "swift-composable-architecture" */ = {
			isa = XCRemoteSwiftPackageReference;
			repositoryURL = "https://github.com/pointfreeco/swift-composable-architecture";
			requirement = {
				kind = upToNextMajorVersion;
				minimumVersion = 1.19.1;
			};
		};
		7BAAFEAE2DD0ACE000C49FC0 /* XCRemoteSwiftPackageReference "NetworkKit" */ = {
			isa = XCRemoteSwiftPackageReference;
			repositoryURL = "git@github.com:Momeks/NetworkKit.git";
			requirement = {
				branch = main;
				kind = branch;
			};
		};
/* End XCRemoteSwiftPackageReference section */

/* Begin XCSwiftPackageProductDependency section */
		7BAAFE5A2DD0AAC100C49FC0 /* ComposableArchitecture */ = {
			isa = XCSwiftPackageProductDependency;
			package = 7BAAFE592DD0AAC100C49FC0 /* XCRemoteSwiftPackageReference "swift-composable-architecture" */;
			productName = ComposableArchitecture;
		};
		7BAAFEAF2DD0ACE000C49FC0 /* NetworkKit */ = {
			isa = XCSwiftPackageProductDependency;
			package = 7BAAFEAE2DD0ACE000C49FC0 /* XCRemoteSwiftPackageReference "NetworkKit" */;
			productName = NetworkKit;
		};
/* End XCSwiftPackageProductDependency section */
	};
	rootObject = 7BAAFE272DD0AA5400C49FC0 /* Project object */;
}
